// !$*UTF8*$!
{
	archiveVersion = 1;
	classes = {
	};
	objectVersion = 48;
	objects = {

/* Begin PBXBuildFile section */
		8E0D0F9507C783A73237F253 /* Pods_Demo__Tests.framework in Frameworks */ = {isa = PBXBuildFile; fileRef = C9D2D107F1EC27C9D218F173 /* Pods_Demo__Tests.framework */; };
		AE3D133C1FEC9D45008FCE46 /* AppDelegate.swift in Sources */ = {isa = PBXBuildFile; fileRef = AE3D133B1FEC9D45008FCE46 /* AppDelegate.swift */; };
		AE3D13411FEC9D45008FCE46 /* Main.storyboard in Resources */ = {isa = PBXBuildFile; fileRef = AE3D133F1FEC9D45008FCE46 /* Main.storyboard */; };
		AE3D13431FEC9D45008FCE46 /* Assets.xcassets in Resources */ = {isa = PBXBuildFile; fileRef = AE3D13421FEC9D45008FCE46 /* Assets.xcassets */; };
		AE3D13461FEC9D45008FCE46 /* LaunchScreen.storyboard in Resources */ = {isa = PBXBuildFile; fileRef = AE3D13441FEC9D45008FCE46 /* LaunchScreen.storyboard */; };
		AE3D13511FEC9D45008FCE46 /* Demo__Tests.swift in Sources */ = {isa = PBXBuildFile; fileRef = AE3D13501FEC9D45008FCE46 /* Demo__Tests.swift */; };
		AE3D135C1FEC9D45008FCE46 /* Demo__UITests.swift in Sources */ = {isa = PBXBuildFile; fileRef = AE3D135B1FEC9D45008FCE46 /* Demo__UITests.swift */; };
		AE3D136C1FEC9E49008FCE46 /* FirstViewController.swift in Sources */ = {isa = PBXBuildFile; fileRef = AE3D136A1FEC9E49008FCE46 /* FirstViewController.swift */; };
		AE3D136D1FEC9E49008FCE46 /* FirstViewController.xib in Resources */ = {isa = PBXBuildFile; fileRef = AE3D136B1FEC9E49008FCE46 /* FirstViewController.xib */; };
		AE3D136F1FEC9E5D008FCE46 /* MainTableViewController.swift in Sources */ = {isa = PBXBuildFile; fileRef = AE3D136E1FEC9E5D008FCE46 /* MainTableViewController.swift */; };
		DF349221230150E800F9914F /* MMInfiniteCycleView.swift in Sources */ = {isa = PBXBuildFile; fileRef = DF349220230150E800F9914F /* MMInfiniteCycleView.swift */; };
		DF349227230158A300F9914F /* MMInfiniteCVCell.swift in Sources */ = {isa = PBXBuildFile; fileRef = DF349226230158A300F9914F /* MMInfiniteCVCell.swift */; };
		DF349229230167CA00F9914F /* MMDispatchTimer.swift in Sources */ = {isa = PBXBuildFile; fileRef = DF349228230167CA00F9914F /* MMDispatchTimer.swift */; };
		DF34922C23017EC000F9914F /* DispatchTime+MM_Extension.swift in Sources */ = {isa = PBXBuildFile; fileRef = DF34922B23017EC000F9914F /* DispatchTime+MM_Extension.swift */; };
		DF34922E23018BA200F9914F /* Pods_Demo汇总.framework in Frameworks */ = {isa = PBXBuildFile; fileRef = DF34922D23018BA200F9914F /* Pods_Demo汇总.framework */; };
		FBC061EE2962C73D4EE9F9C2 /* Pods_Demo__UITests.framework in Frameworks */ = {isa = PBXBuildFile; fileRef = 53DE5BAC3114A6D5B99DFF6A /* Pods_Demo__UITests.framework */; };
/* End PBXBuildFile section */

/* Begin PBXContainerItemProxy section */
		AE3D134D1FEC9D45008FCE46 /* PBXContainerItemProxy */ = {
			isa = PBXContainerItemProxy;
			containerPortal = AE3D13301FEC9D45008FCE46 /* Project object */;
			proxyType = 1;
			remoteGlobalIDString = AE3D13371FEC9D45008FCE46;
			remoteInfo = "Demo汇总";
		};
		AE3D13581FEC9D45008FCE46 /* PBXContainerItemProxy */ = {
			isa = PBXContainerItemProxy;
			containerPortal = AE3D13301FEC9D45008FCE46 /* Project object */;
			proxyType = 1;
			remoteGlobalIDString = AE3D13371FEC9D45008FCE46;
			remoteInfo = "Demo汇总";
		};
/* End PBXContainerItemProxy section */

/* Begin PBXFileReference section */
		53DE5BAC3114A6D5B99DFF6A /* Pods_Demo__UITests.framework */ = {isa = PBXFileReference; explicitFileType = wrapper.framework; includeInIndex = 0; path = Pods_Demo__UITests.framework; sourceTree = BUILT_PRODUCTS_DIR; };
		5C05438D5F058724AE691FEC /* Pods-Demo汇总UITests.release.xcconfig */ = {isa = PBXFileReference; includeInIndex = 1; lastKnownFileType = text.xcconfig; name = "Pods-Demo汇总UITests.release.xcconfig"; path = "Pods/Target Support Files/Pods-Demo汇总UITests/Pods-Demo汇总UITests.release.xcconfig"; sourceTree = "<group>"; };
		5C5FDC83082F18D938BE10FA /* Pods-Demo汇总.release.xcconfig */ = {isa = PBXFileReference; includeInIndex = 1; lastKnownFileType = text.xcconfig; name = "Pods-Demo汇总.release.xcconfig"; path = "Pods/Target Support Files/Pods-Demo汇总/Pods-Demo汇总.release.xcconfig"; sourceTree = "<group>"; };
		74BA51081B329FC381E4FDB9 /* Pods-Demo汇总UITests.debug.xcconfig */ = {isa = PBXFileReference; includeInIndex = 1; lastKnownFileType = text.xcconfig; name = "Pods-Demo汇总UITests.debug.xcconfig"; path = "Pods/Target Support Files/Pods-Demo汇总UITests/Pods-Demo汇总UITests.debug.xcconfig"; sourceTree = "<group>"; };
		76C3A3CD3F4B5EEB2E618794 /* Pods-Demo汇总Tests.debug.xcconfig */ = {isa = PBXFileReference; includeInIndex = 1; lastKnownFileType = text.xcconfig; name = "Pods-Demo汇总Tests.debug.xcconfig"; path = "Pods/Target Support Files/Pods-Demo汇总Tests/Pods-Demo汇总Tests.debug.xcconfig"; sourceTree = "<group>"; };
		A72BC57B19F7137D0C02800C /* Pods_Demo__.framework */ = {isa = PBXFileReference; explicitFileType = wrapper.framework; includeInIndex = 0; path = Pods_Demo__.framework; sourceTree = BUILT_PRODUCTS_DIR; };
		A8C7B38C0EF7665EB91D250E /* Pods-Demo汇总Tests.release.xcconfig */ = {isa = PBXFileReference; includeInIndex = 1; lastKnownFileType = text.xcconfig; name = "Pods-Demo汇总Tests.release.xcconfig"; path = "Pods/Target Support Files/Pods-Demo汇总Tests/Pods-Demo汇总Tests.release.xcconfig"; sourceTree = "<group>"; };
		AE3D13381FEC9D45008FCE46 /* Demo汇总.app */ = {isa = PBXFileReference; explicitFileType = wrapper.application; includeInIndex = 0; path = "Demo汇总.app"; sourceTree = BUILT_PRODUCTS_DIR; };
		AE3D133B1FEC9D45008FCE46 /* AppDelegate.swift */ = {isa = PBXFileReference; lastKnownFileType = sourcecode.swift; path = AppDelegate.swift; sourceTree = "<group>"; };
		AE3D13401FEC9D45008FCE46 /* Base */ = {isa = PBXFileReference; lastKnownFileType = file.storyboard; name = Base; path = Base.lproj/Main.storyboard; sourceTree = "<group>"; };
		AE3D13421FEC9D45008FCE46 /* Assets.xcassets */ = {isa = PBXFileReference; lastKnownFileType = folder.assetcatalog; path = Assets.xcassets; sourceTree = "<group>"; };
		AE3D13451FEC9D45008FCE46 /* Base */ = {isa = PBXFileReference; lastKnownFileType = file.storyboard; name = Base; path = Base.lproj/LaunchScreen.storyboard; sourceTree = "<group>"; };
		AE3D13471FEC9D45008FCE46 /* Info.plist */ = {isa = PBXFileReference; lastKnownFileType = text.plist.xml; path = Info.plist; sourceTree = "<group>"; };
		AE3D134C1FEC9D45008FCE46 /* Demo汇总Tests.xctest */ = {isa = PBXFileReference; explicitFileType = wrapper.cfbundle; includeInIndex = 0; path = "Demo汇总Tests.xctest"; sourceTree = BUILT_PRODUCTS_DIR; };
		AE3D13501FEC9D45008FCE46 /* Demo__Tests.swift */ = {isa = PBXFileReference; lastKnownFileType = sourcecode.swift; path = Demo__Tests.swift; sourceTree = "<group>"; };
		AE3D13521FEC9D45008FCE46 /* Info.plist */ = {isa = PBXFileReference; lastKnownFileType = text.plist.xml; path = Info.plist; sourceTree = "<group>"; };
		AE3D13571FEC9D45008FCE46 /* Demo汇总UITests.xctest */ = {isa = PBXFileReference; explicitFileType = wrapper.cfbundle; includeInIndex = 0; path = "Demo汇总UITests.xctest"; sourceTree = BUILT_PRODUCTS_DIR; };
		AE3D135B1FEC9D45008FCE46 /* Demo__UITests.swift */ = {isa = PBXFileReference; lastKnownFileType = sourcecode.swift; path = Demo__UITests.swift; sourceTree = "<group>"; };
		AE3D135D1FEC9D45008FCE46 /* Info.plist */ = {isa = PBXFileReference; lastKnownFileType = text.plist.xml; path = Info.plist; sourceTree = "<group>"; };
		AE3D136A1FEC9E49008FCE46 /* FirstViewController.swift */ = {isa = PBXFileReference; lastKnownFileType = sourcecode.swift; path = FirstViewController.swift; sourceTree = "<group>"; };
		AE3D136B1FEC9E49008FCE46 /* FirstViewController.xib */ = {isa = PBXFileReference; lastKnownFileType = file.xib; path = FirstViewController.xib; sourceTree = "<group>"; };
		AE3D136E1FEC9E5D008FCE46 /* MainTableViewController.swift */ = {isa = PBXFileReference; lastKnownFileType = sourcecode.swift; path = MainTableViewController.swift; sourceTree = "<group>"; };
		C9D2D107F1EC27C9D218F173 /* Pods_Demo__Tests.framework */ = {isa = PBXFileReference; explicitFileType = wrapper.framework; includeInIndex = 0; path = Pods_Demo__Tests.framework; sourceTree = BUILT_PRODUCTS_DIR; };
		CE7BA5B3AE04C5AB134BC2C7 /* Pods-Demo汇总.debug.xcconfig */ = {isa = PBXFileReference; includeInIndex = 1; lastKnownFileType = text.xcconfig; name = "Pods-Demo汇总.debug.xcconfig"; path = "Pods/Target Support Files/Pods-Demo汇总/Pods-Demo汇总.debug.xcconfig"; sourceTree = "<group>"; };
		DF349220230150E800F9914F /* MMInfiniteCycleView.swift */ = {isa = PBXFileReference; lastKnownFileType = sourcecode.swift; path = MMInfiniteCycleView.swift; sourceTree = "<group>"; };
		DF349226230158A300F9914F /* MMInfiniteCVCell.swift */ = {isa = PBXFileReference; lastKnownFileType = sourcecode.swift; path = MMInfiniteCVCell.swift; sourceTree = "<group>"; };
		DF349228230167CA00F9914F /* MMDispatchTimer.swift */ = {isa = PBXFileReference; lastKnownFileType = sourcecode.swift; path = MMDispatchTimer.swift; sourceTree = "<group>"; };
		DF34922B23017EC000F9914F /* DispatchTime+MM_Extension.swift */ = {isa = PBXFileReference; fileEncoding = 4; lastKnownFileType = sourcecode.swift; path = "DispatchTime+MM_Extension.swift"; sourceTree = "<group>"; };
		DF34922D23018BA200F9914F /* Pods_Demo汇总.framework */ = {isa = PBXFileReference; explicitFileType = wrapper.framework; path = "Pods_Demo汇总.framework"; sourceTree = BUILT_PRODUCTS_DIR; };
/* End PBXFileReference section */

/* Begin PBXFrameworksBuildPhase section */
		AE3D13351FEC9D45008FCE46 /* Frameworks */ = {
			isa = PBXFrameworksBuildPhase;
			buildActionMask = 2147483647;
			files = (
				DF34922E23018BA200F9914F /* Pods_Demo汇总.framework in Frameworks */,
			);
			runOnlyForDeploymentPostprocessing = 0;
		};
		AE3D13491FEC9D45008FCE46 /* Frameworks */ = {
			isa = PBXFrameworksBuildPhase;
			buildActionMask = 2147483647;
			files = (
				8E0D0F9507C783A73237F253 /* Pods_Demo__Tests.framework in Frameworks */,
			);
			runOnlyForDeploymentPostprocessing = 0;
		};
		AE3D13541FEC9D45008FCE46 /* Frameworks */ = {
			isa = PBXFrameworksBuildPhase;
			buildActionMask = 2147483647;
			files = (
				FBC061EE2962C73D4EE9F9C2 /* Pods_Demo__UITests.framework in Frameworks */,
			);
			runOnlyForDeploymentPostprocessing = 0;
		};
/* End PBXFrameworksBuildPhase section */

/* Begin PBXGroup section */
		1748355564B4E9C10CB0FC17 /* Pods */ = {
			isa = PBXGroup;
			children = (
				CE7BA5B3AE04C5AB134BC2C7 /* Pods-Demo汇总.debug.xcconfig */,
				5C5FDC83082F18D938BE10FA /* Pods-Demo汇总.release.xcconfig */,
				76C3A3CD3F4B5EEB2E618794 /* Pods-Demo汇总Tests.debug.xcconfig */,
				A8C7B38C0EF7665EB91D250E /* Pods-Demo汇总Tests.release.xcconfig */,
				74BA51081B329FC381E4FDB9 /* Pods-Demo汇总UITests.debug.xcconfig */,
				5C05438D5F058724AE691FEC /* Pods-Demo汇总UITests.release.xcconfig */,
			);
			name = Pods;
			sourceTree = "<group>";
		};
		17727DC3F5548A7252C141E3 /* Frameworks */ = {
			isa = PBXGroup;
			children = (
				DF34922D23018BA200F9914F /* Pods_Demo汇总.framework */,
				A72BC57B19F7137D0C02800C /* Pods_Demo__.framework */,
				C9D2D107F1EC27C9D218F173 /* Pods_Demo__Tests.framework */,
				53DE5BAC3114A6D5B99DFF6A /* Pods_Demo__UITests.framework */,
			);
			name = Frameworks;
			sourceTree = "<group>";
		};
		AE3D132F1FEC9D45008FCE46 = {
			isa = PBXGroup;
			children = (
				AE3D133A1FEC9D45008FCE46 /* Demo汇总 */,
				AE3D134F1FEC9D45008FCE46 /* Demo汇总Tests */,
				AE3D135A1FEC9D45008FCE46 /* Demo汇总UITests */,
				AE3D13391FEC9D45008FCE46 /* Products */,
				1748355564B4E9C10CB0FC17 /* Pods */,
				17727DC3F5548A7252C141E3 /* Frameworks */,
			);
			sourceTree = "<group>";
		};
		AE3D13391FEC9D45008FCE46 /* Products */ = {
			isa = PBXGroup;
			children = (
				AE3D13381FEC9D45008FCE46 /* Demo汇总.app */,
				AE3D134C1FEC9D45008FCE46 /* Demo汇总Tests.xctest */,
				AE3D13571FEC9D45008FCE46 /* Demo汇总UITests.xctest */,
			);
			name = Products;
			sourceTree = "<group>";
		};
		AE3D133A1FEC9D45008FCE46 /* Demo汇总 */ = {
			isa = PBXGroup;
			children = (
				DF34922A230167D000F9914F /* 定时器 */,
				AE3D136E1FEC9E5D008FCE46 /* MainTableViewController.swift */,
				AE3D13691FEC9D8A008FCE46 /* FirstVC(图片轮播器) */,
				AE3D133B1FEC9D45008FCE46 /* AppDelegate.swift */,
				AE3D133F1FEC9D45008FCE46 /* Main.storyboard */,
				AE3D13421FEC9D45008FCE46 /* Assets.xcassets */,
				AE3D13441FEC9D45008FCE46 /* LaunchScreen.storyboard */,
				AE3D13471FEC9D45008FCE46 /* Info.plist */,
			);
			path = "Demo汇总";
			sourceTree = "<group>";
		};
		AE3D134F1FEC9D45008FCE46 /* Demo汇总Tests */ = {
			isa = PBXGroup;
			children = (
				AE3D13501FEC9D45008FCE46 /* Demo__Tests.swift */,
				AE3D13521FEC9D45008FCE46 /* Info.plist */,
			);
			path = "Demo汇总Tests";
			sourceTree = "<group>";
		};
		AE3D135A1FEC9D45008FCE46 /* Demo汇总UITests */ = {
			isa = PBXGroup;
			children = (
				AE3D135B1FEC9D45008FCE46 /* Demo__UITests.swift */,
				AE3D135D1FEC9D45008FCE46 /* Info.plist */,
			);
			path = "Demo汇总UITests";
			sourceTree = "<group>";
		};
		AE3D13691FEC9D8A008FCE46 /* FirstVC(图片轮播器) */ = {
			isa = PBXGroup;
			children = (
				AE3D136A1FEC9E49008FCE46 /* FirstViewController.swift */,
				AE3D136B1FEC9E49008FCE46 /* FirstViewController.xib */,
				DF349220230150E800F9914F /* MMInfiniteCycleView.swift */,
				DF349226230158A300F9914F /* MMInfiniteCVCell.swift */,
			);
			path = "FirstVC(图片轮播器)";
			sourceTree = "<group>";
		};
		DF34922A230167D000F9914F /* 定时器 */ = {
			isa = PBXGroup;
			children = (
				DF34922B23017EC000F9914F /* DispatchTime+MM_Extension.swift */,
				DF349228230167CA00F9914F /* MMDispatchTimer.swift */,
			);
			path = "定时器";
			sourceTree = "<group>";
		};
/* End PBXGroup section */

/* Begin PBXNativeTarget section */
		AE3D13371FEC9D45008FCE46 /* Demo汇总 */ = {
			isa = PBXNativeTarget;
			buildConfigurationList = AE3D13601FEC9D45008FCE46 /* Build configuration list for PBXNativeTarget "Demo汇总" */;
			buildPhases = (
				748A10B3C3182CA5AE0EF48D /* [CP] Check Pods Manifest.lock */,
				AE3D13341FEC9D45008FCE46 /* Sources */,
				AE3D13351FEC9D45008FCE46 /* Frameworks */,
				AE3D13361FEC9D45008FCE46 /* Resources */,
				F05656050E39A057042A1090 /* [CP] Embed Pods Frameworks */,
			);
			buildRules = (
			);
			dependencies = (
			);
			name = "Demo汇总";
			productName = "Demo汇总";
			productReference = AE3D13381FEC9D45008FCE46 /* Demo汇总.app */;
			productType = "com.apple.product-type.application";
		};
		AE3D134B1FEC9D45008FCE46 /* Demo汇总Tests */ = {
			isa = PBXNativeTarget;
			buildConfigurationList = AE3D13631FEC9D45008FCE46 /* Build configuration list for PBXNativeTarget "Demo汇总Tests" */;
			buildPhases = (
				89C08D4F02E0E5127756C9F8 /* [CP] Check Pods Manifest.lock */,
				AE3D13481FEC9D45008FCE46 /* Sources */,
				AE3D13491FEC9D45008FCE46 /* Frameworks */,
				AE3D134A1FEC9D45008FCE46 /* Resources */,
			);
			buildRules = (
			);
			dependencies = (
				AE3D134E1FEC9D45008FCE46 /* PBXTargetDependency */,
			);
			name = "Demo汇总Tests";
			productName = "Demo汇总Tests";
			productReference = AE3D134C1FEC9D45008FCE46 /* Demo汇总Tests.xctest */;
			productType = "com.apple.product-type.bundle.unit-test";
		};
		AE3D13561FEC9D45008FCE46 /* Demo汇总UITests */ = {
			isa = PBXNativeTarget;
			buildConfigurationList = AE3D13661FEC9D45008FCE46 /* Build configuration list for PBXNativeTarget "Demo汇总UITests" */;
			buildPhases = (
				ECB6D8A884C564B1F93A3E53 /* [CP] Check Pods Manifest.lock */,
				AE3D13531FEC9D45008FCE46 /* Sources */,
				AE3D13541FEC9D45008FCE46 /* Frameworks */,
				AE3D13551FEC9D45008FCE46 /* Resources */,
			);
			buildRules = (
			);
			dependencies = (
				AE3D13591FEC9D45008FCE46 /* PBXTargetDependency */,
			);
			name = "Demo汇总UITests";
			productName = "Demo汇总UITests";
			productReference = AE3D13571FEC9D45008FCE46 /* Demo汇总UITests.xctest */;
			productType = "com.apple.product-type.bundle.ui-testing";
		};
/* End PBXNativeTarget section */

/* Begin PBXProject section */
		AE3D13301FEC9D45008FCE46 /* Project object */ = {
			isa = PBXProject;
			attributes = {
				LastSwiftUpdateCheck = 0900;
				LastUpgradeCheck = 0900;
				ORGANIZATIONNAME = YangJie;
				TargetAttributes = {
					AE3D13371FEC9D45008FCE46 = {
						CreatedOnToolsVersion = 9.0;
						ProvisioningStyle = Automatic;
					};
					AE3D134B1FEC9D45008FCE46 = {
						CreatedOnToolsVersion = 9.0;
						ProvisioningStyle = Automatic;
						TestTargetID = AE3D13371FEC9D45008FCE46;
					};
					AE3D13561FEC9D45008FCE46 = {
						CreatedOnToolsVersion = 9.0;
						ProvisioningStyle = Automatic;
						TestTargetID = AE3D13371FEC9D45008FCE46;
					};
				};
			};
			buildConfigurationList = AE3D13331FEC9D45008FCE46 /* Build configuration list for PBXProject "Demo汇总" */;
			compatibilityVersion = "Xcode 8.0";
			developmentRegion = en;
			hasScannedForEncodings = 0;
			knownRegions = (
				en,
				Base,
			);
			mainGroup = AE3D132F1FEC9D45008FCE46;
			productRefGroup = AE3D13391FEC9D45008FCE46 /* Products */;
			projectDirPath = "";
			projectRoot = "";
			targets = (
				AE3D13371FEC9D45008FCE46 /* Demo汇总 */,
				AE3D134B1FEC9D45008FCE46 /* Demo汇总Tests */,
				AE3D13561FEC9D45008FCE46 /* Demo汇总UITests */,
			);
		};
/* End PBXProject section */

/* Begin PBXResourcesBuildPhase section */
		AE3D13361FEC9D45008FCE46 /* Resources */ = {
			isa = PBXResourcesBuildPhase;
			buildActionMask = 2147483647;
			files = (
				AE3D13461FEC9D45008FCE46 /* LaunchScreen.storyboard in Resources */,
				AE3D13431FEC9D45008FCE46 /* Assets.xcassets in Resources */,
				AE3D13411FEC9D45008FCE46 /* Main.storyboard in Resources */,
				AE3D136D1FEC9E49008FCE46 /* FirstViewController.xib in Resources */,
			);
			runOnlyForDeploymentPostprocessing = 0;
		};
		AE3D134A1FEC9D45008FCE46 /* Resources */ = {
			isa = PBXResourcesBuildPhase;
			buildActionMask = 2147483647;
			files = (
			);
			runOnlyForDeploymentPostprocessing = 0;
		};
		AE3D13551FEC9D45008FCE46 /* Resources */ = {
			isa = PBXResourcesBuildPhase;
			buildActionMask = 2147483647;
			files = (
			);
			runOnlyForDeploymentPostprocessing = 0;
		};
/* End PBXResourcesBuildPhase section */

/* Begin PBXShellScriptBuildPhase section */
		748A10B3C3182CA5AE0EF48D /* [CP] Check Pods Manifest.lock */ = {
			isa = PBXShellScriptBuildPhase;
			buildActionMask = 2147483647;
			files = (
			);
			inputFileListPaths = (
			);
			inputPaths = (
				"${PODS_PODFILE_DIR_PATH}/Podfile.lock",
				"${PODS_ROOT}/Manifest.lock",
			);
			name = "[CP] Check Pods Manifest.lock";
			outputFileListPaths = (
			);
			outputPaths = (
				"$(DERIVED_FILE_DIR)/Pods-Demo汇总-checkManifestLockResult.txt",
			);
			runOnlyForDeploymentPostprocessing = 0;
			shellPath = /bin/sh;
			shellScript = "diff \"${PODS_PODFILE_DIR_PATH}/Podfile.lock\" \"${PODS_ROOT}/Manifest.lock\" > /dev/null\nif [ $? != 0 ] ; then\n    # print error to STDERR\n    echo \"error: The sandbox is not in sync with the Podfile.lock. Run 'pod install' or update your CocoaPods installation.\" >&2\n    exit 1\nfi\n# This output is used by Xcode 'outputs' to avoid re-running this script phase.\necho \"SUCCESS\" > \"${SCRIPT_OUTPUT_FILE_0}\"\n";
			showEnvVarsInLog = 0;
		};
		89C08D4F02E0E5127756C9F8 /* [CP] Check Pods Manifest.lock */ = {
			isa = PBXShellScriptBuildPhase;
			buildActionMask = 2147483647;
			files = (
			);
			inputFileListPaths = (
			);
			inputPaths = (
				"${PODS_PODFILE_DIR_PATH}/Podfile.lock",
				"${PODS_ROOT}/Manifest.lock",
			);
			name = "[CP] Check Pods Manifest.lock";
			outputFileListPaths = (
			);
			outputPaths = (
				"$(DERIVED_FILE_DIR)/Pods-Demo汇总Tests-checkManifestLockResult.txt",
			);
			runOnlyForDeploymentPostprocessing = 0;
			shellPath = /bin/sh;
			shellScript = "diff \"${PODS_PODFILE_DIR_PATH}/Podfile.lock\" \"${PODS_ROOT}/Manifest.lock\" > /dev/null\nif [ $? != 0 ] ; then\n    # print error to STDERR\n    echo \"error: The sandbox is not in sync with the Podfile.lock. Run 'pod install' or update your CocoaPods installation.\" >&2\n    exit 1\nfi\n# This output is used by Xcode 'outputs' to avoid re-running this script phase.\necho \"SUCCESS\" > \"${SCRIPT_OUTPUT_FILE_0}\"\n";
			showEnvVarsInLog = 0;
		};
		ECB6D8A884C564B1F93A3E53 /* [CP] Check Pods Manifest.lock */ = {
			isa = PBXShellScriptBuildPhase;
			buildActionMask = 2147483647;
			files = (
			);
			inputFileListPaths = (
			);
			inputPaths = (
				"${PODS_PODFILE_DIR_PATH}/Podfile.lock",
				"${PODS_ROOT}/Manifest.lock",
			);
			name = "[CP] Check Pods Manifest.lock";
			outputFileListPaths = (
			);
			outputPaths = (
				"$(DERIVED_FILE_DIR)/Pods-Demo汇总UITests-checkManifestLockResult.txt",
			);
			runOnlyForDeploymentPostprocessing = 0;
			shellPath = /bin/sh;
			shellScript = "diff \"${PODS_PODFILE_DIR_PATH}/Podfile.lock\" \"${PODS_ROOT}/Manifest.lock\" > /dev/null\nif [ $? != 0 ] ; then\n    # print error to STDERR\n    echo \"error: The sandbox is not in sync with the Podfile.lock. Run 'pod install' or update your CocoaPods installation.\" >&2\n    exit 1\nfi\n# This output is used by Xcode 'outputs' to avoid re-running this script phase.\necho \"SUCCESS\" > \"${SCRIPT_OUTPUT_FILE_0}\"\n";
			showEnvVarsInLog = 0;
		};
		F05656050E39A057042A1090 /* [CP] Embed Pods Frameworks */ = {
			isa = PBXShellScriptBuildPhase;
			buildActionMask = 2147483647;
			files = (
			);
			inputFileListPaths = (
			);
			inputPaths = (
				"${SRCROOT}/Pods/Target Support Files/Pods-Demo汇总/Pods-Demo汇总-frameworks.sh",
				"${BUILT_PRODUCTS_DIR}/Kingfisher/Kingfisher.framework",
			);
			name = "[CP] Embed Pods Frameworks";
			outputFileListPaths = (
			);
			outputPaths = (
				"${TARGET_BUILD_DIR}/${FRAMEWORKS_FOLDER_PATH}/Kingfisher.framework",
			);
			runOnlyForDeploymentPostprocessing = 0;
			shellPath = /bin/sh;
			shellScript = "\"${SRCROOT}/Pods/Target Support Files/Pods-Demo汇总/Pods-Demo汇总-frameworks.sh\"\n";
			showEnvVarsInLog = 0;
		};
/* End PBXShellScriptBuildPhase section */

/* Begin PBXSourcesBuildPhase section */
		AE3D13341FEC9D45008FCE46 /* Sources */ = {
			isa = PBXSourcesBuildPhase;
			buildActionMask = 2147483647;
			files = (
				AE3D133C1FEC9D45008FCE46 /* AppDelegate.swift in Sources */,
				AE3D136F1FEC9E5D008FCE46 /* MainTableViewController.swift in Sources */,
				DF349227230158A300F9914F /* MMInfiniteCVCell.swift in Sources */,
				DF34922C23017EC000F9914F /* DispatchTime+MM_Extension.swift in Sources */,
				DF349229230167CA00F9914F /* MMDispatchTimer.swift in Sources */,
				AE3D136C1FEC9E49008FCE46 /* FirstViewController.swift in Sources */,
				DF349221230150E800F9914F /* MMInfiniteCycleView.swift in Sources */,
			);
			runOnlyForDeploymentPostprocessing = 0;
		};
		AE3D13481FEC9D45008FCE46 /* Sources */ = {
			isa = PBXSourcesBuildPhase;
			buildActionMask = 2147483647;
			files = (
				AE3D13511FEC9D45008FCE46 /* Demo__Tests.swift in Sources */,
			);
			runOnlyForDeploymentPostprocessing = 0;
		};
		AE3D13531FEC9D45008FCE46 /* Sources */ = {
			isa = PBXSourcesBuildPhase;
			buildActionMask = 2147483647;
			files = (
				AE3D135C1FEC9D45008FCE46 /* Demo__UITests.swift in Sources */,
			);
			runOnlyForDeploymentPostprocessing = 0;
		};
/* End PBXSourcesBuildPhase section */

/* Begin PBXTargetDependency section */
		AE3D134E1FEC9D45008FCE46 /* PBXTargetDependency */ = {
			isa = PBXTargetDependency;
			target = AE3D13371FEC9D45008FCE46 /* Demo汇总 */;
			targetProxy = AE3D134D1FEC9D45008FCE46 /* PBXContainerItemProxy */;
		};
		AE3D13591FEC9D45008FCE46 /* PBXTargetDependency */ = {
			isa = PBXTargetDependency;
			target = AE3D13371FEC9D45008FCE46 /* Demo汇总 */;
			targetProxy = AE3D13581FEC9D45008FCE46 /* PBXContainerItemProxy */;
		};
/* End PBXTargetDependency section */

/* Begin PBXVariantGroup section */
		AE3D133F1FEC9D45008FCE46 /* Main.storyboard */ = {
			isa = PBXVariantGroup;
			children = (
				AE3D13401FEC9D45008FCE46 /* Base */,
			);
			name = Main.storyboard;
			sourceTree = "<group>";
		};
		AE3D13441FEC9D45008FCE46 /* LaunchScreen.storyboard */ = {
			isa = PBXVariantGroup;
			children = (
				AE3D13451FEC9D45008FCE46 /* Base */,
			);
			name = LaunchScreen.storyboard;
			sourceTree = "<group>";
		};
/* End PBXVariantGroup section */

/* Begin XCBuildConfiguration section */
		AE3D135E1FEC9D45008FCE46 /* Debug */ = {
			isa = XCBuildConfiguration;
			buildSettings = {
				ALWAYS_SEARCH_USER_PATHS = NO;
				CLANG_ANALYZER_NONNULL = YES;
				CLANG_ANALYZER_NUMBER_OBJECT_CONVERSION = YES_AGGRESSIVE;
				CLANG_CXX_LANGUAGE_STANDARD = "gnu++14";
				CLANG_CXX_LIBRARY = "libc++";
				CLANG_ENABLE_MODULES = YES;
				CLANG_ENABLE_OBJC_ARC = YES;
				CLANG_WARN_BLOCK_CAPTURE_AUTORELEASING = YES;
				CLANG_WARN_BOOL_CONVERSION = YES;
				CLANG_WARN_COMMA = YES;
				CLANG_WARN_CONSTANT_CONVERSION = YES;
				CLANG_WARN_DIRECT_OBJC_ISA_USAGE = YES_ERROR;
				CLANG_WARN_DOCUMENTATION_COMMENTS = YES;
				CLANG_WARN_EMPTY_BODY = YES;
				CLANG_WARN_ENUM_CONVERSION = YES;
				CLANG_WARN_INFINITE_RECURSION = YES;
				CLANG_WARN_INT_CONVERSION = YES;
				CLANG_WARN_NON_LITERAL_NULL_CONVERSION = YES;
				CLANG_WARN_OBJC_LITERAL_CONVERSION = YES;
				CLANG_WARN_OBJC_ROOT_CLASS = YES_ERROR;
				CLANG_WARN_RANGE_LOOP_ANALYSIS = YES;
				CLANG_WARN_STRICT_PROTOTYPES = YES;
				CLANG_WARN_SUSPICIOUS_MOVE = YES;
				CLANG_WARN_UNGUARDED_AVAILABILITY = YES_AGGRESSIVE;
				CLANG_WARN_UNREACHABLE_CODE = YES;
				CLANG_WARN__DUPLICATE_METHOD_MATCH = YES;
				CODE_SIGN_IDENTITY = "iPhone Developer";
				COPY_PHASE_STRIP = NO;
				DEBUG_INFORMATION_FORMAT = dwarf;
				ENABLE_STRICT_OBJC_MSGSEND = YES;
				ENABLE_TESTABILITY = YES;
				GCC_C_LANGUAGE_STANDARD = gnu11;
				GCC_DYNAMIC_NO_PIC = NO;
				GCC_NO_COMMON_BLOCKS = YES;
				GCC_OPTIMIZATION_LEVEL = 0;
				GCC_PREPROCESSOR_DEFINITIONS = (
					"DEBUG=1",
					"$(inherited)",
				);
				GCC_WARN_64_TO_32_BIT_CONVERSION = YES;
				GCC_WARN_ABOUT_RETURN_TYPE = YES_ERROR;
				GCC_WARN_UNDECLARED_SELECTOR = YES;
				GCC_WARN_UNINITIALIZED_AUTOS = YES_AGGRESSIVE;
				GCC_WARN_UNUSED_FUNCTION = YES;
				GCC_WARN_UNUSED_VARIABLE = YES;
				IPHONEOS_DEPLOYMENT_TARGET = 11.0;
				MTL_ENABLE_DEBUG_INFO = YES;
				ONLY_ACTIVE_ARCH = YES;
				SDKROOT = iphoneos;
				SWIFT_ACTIVE_COMPILATION_CONDITIONS = DEBUG;
				SWIFT_OPTIMIZATION_LEVEL = "-Onone";
			};
			name = Debug;
		};
		AE3D135F1FEC9D45008FCE46 /* Release */ = {
			isa = XCBuildConfiguration;
			buildSettings = {
				ALWAYS_SEARCH_USER_PATHS = NO;
				CLANG_ANALYZER_NONNULL = YES;
				CLANG_ANALYZER_NUMBER_OBJECT_CONVERSION = YES_AGGRESSIVE;
				CLANG_CXX_LANGUAGE_STANDARD = "gnu++14";
				CLANG_CXX_LIBRARY = "libc++";
				CLANG_ENABLE_MODULES = YES;
				CLANG_ENABLE_OBJC_ARC = YES;
				CLANG_WARN_BLOCK_CAPTURE_AUTORELEASING = YES;
				CLANG_WARN_BOOL_CONVERSION = YES;
				CLANG_WARN_COMMA = YES;
				CLANG_WARN_CONSTANT_CONVERSION = YES;
				CLANG_WARN_DIRECT_OBJC_ISA_USAGE = YES_ERROR;
				CLANG_WARN_DOCUMENTATION_COMMENTS = YES;
				CLANG_WARN_EMPTY_BODY = YES;
				CLANG_WARN_ENUM_CONVERSION = YES;
				CLANG_WARN_INFINITE_RECURSION = YES;
				CLANG_WARN_INT_CONVERSION = YES;
				CLANG_WARN_NON_LITERAL_NULL_CONVERSION = YES;
				CLANG_WARN_OBJC_LITERAL_CONVERSION = YES;
				CLANG_WARN_OBJC_ROOT_CLASS = YES_ERROR;
				CLANG_WARN_RANGE_LOOP_ANALYSIS = YES;
				CLANG_WARN_STRICT_PROTOTYPES = YES;
				CLANG_WARN_SUSPICIOUS_MOVE = YES;
				CLANG_WARN_UNGUARDED_AVAILABILITY = YES_AGGRESSIVE;
				CLANG_WARN_UNREACHABLE_CODE = YES;
				CLANG_WARN__DUPLICATE_METHOD_MATCH = YES;
				CODE_SIGN_IDENTITY = "iPhone Developer";
				COPY_PHASE_STRIP = NO;
				DEBUG_INFORMATION_FORMAT = "dwarf-with-dsym";
				ENABLE_NS_ASSERTIONS = NO;
				ENABLE_STRICT_OBJC_MSGSEND = YES;
				GCC_C_LANGUAGE_STANDARD = gnu11;
				GCC_NO_COMMON_BLOCKS = YES;
				GCC_WARN_64_TO_32_BIT_CONVERSION = YES;
				GCC_WARN_ABOUT_RETURN_TYPE = YES_ERROR;
				GCC_WARN_UNDECLARED_SELECTOR = YES;
				GCC_WARN_UNINITIALIZED_AUTOS = YES_AGGRESSIVE;
				GCC_WARN_UNUSED_FUNCTION = YES;
				GCC_WARN_UNUSED_VARIABLE = YES;
				IPHONEOS_DEPLOYMENT_TARGET = 11.0;
				MTL_ENABLE_DEBUG_INFO = NO;
				SDKROOT = iphoneos;
				SWIFT_OPTIMIZATION_LEVEL = "-Owholemodule";
				VALIDATE_PRODUCT = YES;
			};
			name = Release;
		};
		AE3D13611FEC9D45008FCE46 /* Debug */ = {
			isa = XCBuildConfiguration;
			baseConfigurationReference = CE7BA5B3AE04C5AB134BC2C7 /* Pods-Demo汇总.debug.xcconfig */;
			buildSettings = {
				CODE_SIGN_STYLE = Automatic;
				DEVELOPMENT_TEAM = QVSN8UVQ39;
				INFOPLIST_FILE = "Demo汇总/Info.plist";
				IPHONEOS_DEPLOYMENT_TARGET = 10.0;
				LD_RUNPATH_SEARCH_PATHS = "$(inherited) @executable_path/Frameworks";
				PRODUCT_BUNDLE_IDENTIFIER = "com.toptrend.Demo--";
				PRODUCT_NAME = "$(TARGET_NAME)";
				SWIFT_VERSION = 4.2;
				TARGETED_DEVICE_FAMILY = "1,2";
			};
			name = Debug;
		};
		AE3D13621FEC9D45008FCE46 /* Release */ = {
			isa = XCBuildConfiguration;
			baseConfigurationReference = 5C5FDC83082F18D938BE10FA /* Pods-Demo汇总.release.xcconfig */;
			buildSettings = {
				CODE_SIGN_STYLE = Automatic;
				DEVELOPMENT_TEAM = QVSN8UVQ39;
				INFOPLIST_FILE = "Demo汇总/Info.plist";
				IPHONEOS_DEPLOYMENT_TARGET = 10.0;
				LD_RUNPATH_SEARCH_PATHS = "$(inherited) @executable_path/Frameworks";
				PRODUCT_BUNDLE_IDENTIFIER = "com.toptrend.Demo--";
				PRODUCT_NAME = "$(TARGET_NAME)";
				SWIFT_VERSION = 4.2;
				TARGETED_DEVICE_FAMILY = "1,2";
			};
			name = Release;
		};
		AE3D13641FEC9D45008FCE46 /* Debug */ = {
			isa = XCBuildConfiguration;
			baseConfigurationReference = 76C3A3CD3F4B5EEB2E618794 /* Pods-Demo汇总Tests.debug.xcconfig */;
			buildSettings = {
				ALWAYS_EMBED_SWIFT_STANDARD_LIBRARIES = YES;
				BUNDLE_LOADER = "$(TEST_HOST)";
				CODE_SIGN_STYLE = Automatic;
				DEVELOPMENT_TEAM = T6H68KJ4WD;
				INFOPLIST_FILE = "Demo汇总Tests/Info.plist";
				LD_RUNPATH_SEARCH_PATHS = "$(inherited) @executable_path/Frameworks @loader_path/Frameworks";
				PRODUCT_BUNDLE_IDENTIFIER = "com.toptrend.Demo--Tests";
				PRODUCT_NAME = "$(TARGET_NAME)";
				SWIFT_VERSION = 4.0;
				TARGETED_DEVICE_FAMILY = "1,2";
				TEST_HOST = "$(BUILT_PRODUCTS_DIR)/Demo汇总.app/Demo汇总";
			};
			name = Debug;
		};
		AE3D13651FEC9D45008FCE46 /* Release */ = {
			isa = XCBuildConfiguration;
			baseConfigurationReference = A8C7B38C0EF7665EB91D250E /* Pods-Demo汇总Tests.release.xcconfig */;
			buildSettings = {
				ALWAYS_EMBED_SWIFT_STANDARD_LIBRARIES = YES;
				BUNDLE_LOADER = "$(TEST_HOST)";
				CODE_SIGN_STYLE = Automatic;
				DEVELOPMENT_TEAM = T6H68KJ4WD;
				INFOPLIST_FILE = "Demo汇总Tests/Info.plist";
				LD_RUNPATH_SEARCH_PATHS = "$(inherited) @executable_path/Frameworks @loader_path/Frameworks";
				PRODUCT_BUNDLE_IDENTIFIER = "com.toptrend.Demo--Tests";
				PRODUCT_NAME = "$(TARGET_NAME)";
				SWIFT_VERSION = 4.0;
				TARGETED_DEVICE_FAMILY = "1,2";
				TEST_HOST = "$(BUILT_PRODUCTS_DIR)/Demo汇总.app/Demo汇总";
			};
			name = Release;
		};
		AE3D13671FEC9D45008FCE46 /* Debug */ = {
			isa = XCBuildConfiguration;
			baseConfigurationReference = 74BA51081B329FC381E4FDB9 /* Pods-Demo汇总UITests.debug.xcconfig */;
			buildSettings = {
				ALWAYS_EMBED_SWIFT_STANDARD_LIBRARIES = YES;
				CODE_SIGN_STYLE = Automatic;
				DEVELOPMENT_TEAM = T6H68KJ4WD;
				INFOPLIST_FILE = "Demo汇总UITests/Info.plist";
				LD_RUNPATH_SEARCH_PATHS = "$(inherited) @executable_path/Frameworks @loader_path/Frameworks";
				PRODUCT_BUNDLE_IDENTIFIER = "com.toptrend.Demo--UITests";
				PRODUCT_NAME = "$(TARGET_NAME)";
				SWIFT_VERSION = 4.0;
				TARGETED_DEVICE_FAMILY = "1,2";
				TEST_TARGET_NAME = "Demo汇总";
			};
			name = Debug;
		};
		AE3D13681FEC9D45008FCE46 /* Release */ = {
			isa = XCBuildConfiguration;
			baseConfigurationReference = 5C05438D5F058724AE691FEC /* Pods-Demo汇总UITests.release.xcconfig */;
			buildSettings = {
				ALWAYS_EMBED_SWIFT_STANDARD_LIBRARIES = YES;
				CODE_SIGN_STYLE = Automatic;
				DEVELOPMENT_TEAM = T6H68KJ4WD;
				INFOPLIST_FILE = "Demo汇总UITests/Info.plist";
				LD_RUNPATH_SEARCH_PATHS = "$(inherited) @executable_path/Frameworks @loader_path/Frameworks";
				PRODUCT_BUNDLE_IDENTIFIER = "com.toptrend.Demo--UITests";
				PRODUCT_NAME = "$(TARGET_NAME)";
				SWIFT_VERSION = 4.0;
				TARGETED_DEVICE_FAMILY = "1,2";
				TEST_TARGET_NAME = "Demo汇总";
			};
			name = Release;
		};
/* End XCBuildConfiguration section */

/* Begin XCConfigurationList section */
		AE3D13331FEC9D45008FCE46 /* Build configuration list for PBXProject "Demo汇总" */ = {
			isa = XCConfigurationList;
			buildConfigurations = (
				AE3D135E1FEC9D45008FCE46 /* Debug */,
				AE3D135F1FEC9D45008FCE46 /* Release */,
			);
			defaultConfigurationIsVisible = 0;
			defaultConfigurationName = Release;
		};
		AE3D13601FEC9D45008FCE46 /* Build configuration list for PBXNativeTarget "Demo汇总" */ = {
			isa = XCConfigurationList;
			buildConfigurations = (
				AE3D13611FEC9D45008FCE46 /* Debug */,
				AE3D13621FEC9D45008FCE46 /* Release */,
			);
			defaultConfigurationIsVisible = 0;
			defaultConfigurationName = Release;
		};
		AE3D13631FEC9D45008FCE46 /* Build configuration list for PBXNativeTarget "Demo汇总Tests" */ = {
			isa = XCConfigurationList;
			buildConfigurations = (
				AE3D13641FEC9D45008FCE46 /* Debug */,
				AE3D13651FEC9D45008FCE46 /* Release */,
			);
			defaultConfigurationIsVisible = 0;
			defaultConfigurationName = Release;
		};
		AE3D13661FEC9D45008FCE46 /* Build configuration list for PBXNativeTarget "Demo汇总UITests" */ = {
			isa = XCConfigurationList;
			buildConfigurations = (
				AE3D13671FEC9D45008FCE46 /* Debug */,
				AE3D13681FEC9D45008FCE46 /* Release */,
			);
			defaultConfigurationIsVisible = 0;
			defaultConfigurationName = Release;
		};
/* End XCConfigurationList section */
	};
	rootObject = AE3D13301FEC9D45008FCE46 /* Project object */;
}
